
Microsoft Visual Studio Solution File, Format Version 12.00
# Visual Studio 15
VisualStudioVersion = 15.0.27703.2042
MinimumVisualStudioVersion = 10.0.40219.1
Project("{FAE04EC0-301F-11D3-BF4B-00C04F79EFBC}") = "CalculatorSum", "CalculatorSum\CalculatorSum.csproj", "{DC1E75F3-68FE-43B8-B275-8868E624E707}"
EndProject
Global
	GlobalSection(SolutionConfigurationPlatforms) = preSolution
		Debug|Any CPU = Debug|Any CPU
		Release|Any CPU = Release|Any CPU
	EndGlobalSection
	GlobalSection(ProjectConfigurationPlatforms) = postSolution
		{DC1E75F3-68FE-43B8-B275-8868E624E707}.Debug|Any CPU.ActiveCfg = Debug|Any CPU
		{DC1E75F3-68FE-43B8-B275-8868E624E707}.Debug|Any CPU.Build.0 = Debug|Any CPU
		{DC1E75F3-68FE-43B8-B275-8868E624E707}.Release|Any CPU.ActiveCfg = Release|Any CPU
		{DC1E75F3-68FE-43B8-B275-8868E624E707}.Release|Any CPU.Build.0 = Release|Any CPU
	EndGlobalSection
	GlobalSection(SolutionProperties) = preSolution
		HideSolutionNode = FALSE
	EndGlobalSection
	GlobalSection(ExtensibilityGlobals) = postSolution
		SolutionGuid = {9892F1ED-13E3-479B-9885-8803CCF28CF3}
	EndGlobalSection
EndGlobal
