
Microsoft Visual Studio Solution File, Format Version 12.00
# Visual Studio 15
VisualStudioVersion = 15.0.27703.2042
MinimumVisualStudioVersion = 10.0.40219.1
Project("{FAE04EC0-301F-11D3-BF4B-00C04F79EFBC}") = "CreateAnotherDomain", "CreateAnotherDomain\CreateAnotherDomain.csproj", "{34662428-9973-49CB-922C-C70274F9575C}"
EndProject
Global
	GlobalSection(SolutionConfigurationPlatforms) = preSolution
		Debug|Any CPU = Debug|Any CPU
		Release|Any CPU = Release|Any CPU
	EndGlobalSection
	GlobalSection(ProjectConfigurationPlatforms) = postSolution
		{34662428-9973-49CB-922C-C70274F9575C}.Debug|Any CPU.ActiveCfg = Debug|Any CPU
		{34662428-9973-49CB-922C-C70274F9575C}.Debug|Any CPU.Build.0 = Debug|Any CPU
		{34662428-9973-49CB-922C-C70274F9575C}.Release|Any CPU.ActiveCfg = Release|Any CPU
		{34662428-9973-49CB-922C-C70274F9575C}.Release|Any CPU.Build.0 = Release|Any CPU
	EndGlobalSection
	GlobalSection(SolutionProperties) = preSolution
		HideSolutionNode = FALSE
	EndGlobalSection
	GlobalSection(ExtensibilityGlobals) = postSolution
		SolutionGuid = {72028DC5-B734-4A42-9FCF-D1AD7264A3DA}
	EndGlobalSection
EndGlobal
